
Microsoft Visual Studio Solution File, Format Version 12.00
# Visual Studio Version 17
VisualStudioVersion = 17.9.34518.117
MinimumVisualStudioVersion = 10.0.40219.1
Project("{888888A0-9F3D-457C-B088-3A5042F75D52}") = "VideoPlayer", "VideoPlayer\VideoPlayer.pyproj", "{23EADCD4-4505-467E-8FA5-2C9B14FA4110}"
EndProject
Global
	GlobalSection(SolutionConfigurationPlatforms) = preSolution
		Debug|Any CPU = Debug|Any CPU
		Release|Any CPU = Release|Any CPU
	EndGlobalSection
	GlobalSection(ProjectConfigurationPlatforms) = postSolution
		{23EADCD4-4505-467E-8FA5-2C9B14FA4110}.Debug|Any CPU.ActiveCfg = Debug|Any CPU
		{23EADCD4-4505-467E-8FA5-2C9B14FA4110}.Release|Any CPU.ActiveCfg = Release|Any CPU
	EndGlobalSection
	GlobalSection(SolutionProperties) = preSolution
		HideSolutionNode = FALSE
	EndGlobalSection
	GlobalSection(ExtensibilityGlobals) = postSolution
		SolutionGuid = {55FC1267-F4B8-450E-A616-4AE9A6490FBD}
	EndGlobalSection
EndGlobal
